
Microsoft Visual Studio Solution File, Format Version 12.00
# Visual Studio Version 17
VisualStudioVersion = 17.3.32811.315
MinimumVisualStudioVersion = 10.0.40219.1
Project("{2150E333-8FDC-42A3-9474-1A3956D46DE8}") = "src", "src", "{2CBB1E91-6C78-45AF-AA65-C754E580B8E5}"
EndProject
Project("{FAE04EC0-301F-11D3-BF4B-00C04F79EFBC}") = "GameSnake.InConsole", "GameSnake.Console\GameSnake.InConsole.csproj", "{CCFB3DD7-CB5D-4DC9-83FC-8667471F827C}"
EndProject
Global
	GlobalSection(SolutionConfigurationPlatforms) = preSolution
		Debug|Any CPU = Debug|Any CPU
		Release|Any CPU = Release|Any CPU
	EndGlobalSection
	GlobalSection(ProjectConfigurationPlatforms) = postSolution
		{CCFB3DD7-CB5D-4DC9-83FC-8667471F827C}.Debug|Any CPU.ActiveCfg = Debug|Any CPU
		{CCFB3DD7-CB5D-4DC9-83FC-8667471F827C}.Debug|Any CPU.Build.0 = Debug|Any CPU
		{CCFB3DD7-CB5D-4DC9-83FC-8667471F827C}.Release|Any CPU.ActiveCfg = Release|Any CPU
		{CCFB3DD7-CB5D-4DC9-83FC-8667471F827C}.Release|Any CPU.Build.0 = Release|Any CPU
	EndGlobalSection
	GlobalSection(SolutionProperties) = preSolution
		HideSolutionNode = FALSE
	EndGlobalSection
	GlobalSection(NestedProjects) = preSolution
		{CCFB3DD7-CB5D-4DC9-83FC-8667471F827C} = {2CBB1E91-6C78-45AF-AA65-C754E580B8E5}
	EndGlobalSection
	GlobalSection(ExtensibilityGlobals) = postSolution
		SolutionGuid = {F16474A6-DD92-4E29-9A62-C42AE3C0445E}
	EndGlobalSection
EndGlobal
